
Microsoft Visual Studio Solution File, Format Version 12.00
# Visual Studio 15
VisualStudioVersion = 15.0.27130.2020
MinimumVisualStudioVersion = 10.0.40219.1
Project("{FAE04EC0-301F-11D3-BF4B-00C04F79EFBC}") = "CountryConsole5DBAndreLussier", "CountryConsole5DBAndreLussier\CountryConsole5DBAndreLussier.csproj", "{70C11686-0D7E-4E24-978B-67A10B62FE16}"
EndProject
Global
	GlobalSection(SolutionConfigurationPlatforms) = preSolution
		Debug|Any CPU = Debug|Any CPU
		Release|Any CPU = Release|Any CPU
	EndGlobalSection
	GlobalSection(ProjectConfigurationPlatforms) = postSolution
		{70C11686-0D7E-4E24-978B-67A10B62FE16}.Debug|Any CPU.ActiveCfg = Debug|Any CPU
		{70C11686-0D7E-4E24-978B-67A10B62FE16}.Debug|Any CPU.Build.0 = Debug|Any CPU
		{70C11686-0D7E-4E24-978B-67A10B62FE16}.Release|Any CPU.ActiveCfg = Release|Any CPU
		{70C11686-0D7E-4E24-978B-67A10B62FE16}.Release|Any CPU.Build.0 = Release|Any CPU
	EndGlobalSection
	GlobalSection(SolutionProperties) = preSolution
		HideSolutionNode = FALSE
	EndGlobalSection
	GlobalSection(ExtensibilityGlobals) = postSolution
		SolutionGuid = {2676B4D0-EBEB-4BDE-9A45-B277525B8357}
	EndGlobalSection
EndGlobal
